
Microsoft Visual Studio Solution File, Format Version 11.00
# Visual Studio 2010
Project("{FAE04EC0-301F-11D3-BF4B-00C04F79EFBC}") = "unity-fps-with-andrew", "Assembly-CSharp-firstpass.csproj", "{DDAD2332-EC6A-506E-6D46-39E171CEDEE5}"
EndProject
Project("{FAE04EC0-301F-11D3-BF4B-00C04F79EFBC}") = "unity-fps-with-andrew", "Assembly-CSharp.csproj", "{818B00E8-D09A-9597-412C-9673B378F622}"
EndProject
Project("{FAE04EC0-301F-11D3-BF4B-00C04F79EFBC}") = "unity-fps-with-andrew", "Assembly-CSharp-Editor-firstpass.csproj", "{86994773-0BB3-E9AE-781D-F6BD50B40565}"
EndProject
Project("{FAE04EC0-301F-11D3-BF4B-00C04F79EFBC}") = "unity-fps-with-andrew", "Assembly-CSharp-Editor.csproj", "{A0AC680B-70B8-C233-A3AD-AF0D5EAF5EB8}"
EndProject
Global
	GlobalSection(SolutionConfigurationPlatforms) = preSolution
		Debug|Any CPU = Debug|Any CPU
		Release|Any CPU = Release|Any CPU
	EndGlobalSection
	GlobalSection(ProjectConfigurationPlatforms) = postSolution
		{DDAD2332-EC6A-506E-6D46-39E171CEDEE5}.Debug|Any CPU.ActiveCfg = Debug|Any CPU
		{DDAD2332-EC6A-506E-6D46-39E171CEDEE5}.Debug|Any CPU.Build.0 = Debug|Any CPU
		{DDAD2332-EC6A-506E-6D46-39E171CEDEE5}.Release|Any CPU.ActiveCfg = Release|Any CPU
		{DDAD2332-EC6A-506E-6D46-39E171CEDEE5}.Release|Any CPU.Build.0 = Release|Any CPU
		{818B00E8-D09A-9597-412C-9673B378F622}.Debug|Any CPU.ActiveCfg = Debug|Any CPU
		{818B00E8-D09A-9597-412C-9673B378F622}.Debug|Any CPU.Build.0 = Debug|Any CPU
		{818B00E8-D09A-9597-412C-9673B378F622}.Release|Any CPU.ActiveCfg = Release|Any CPU
		{818B00E8-D09A-9597-412C-9673B378F622}.Release|Any CPU.Build.0 = Release|Any CPU
		{86994773-0BB3-E9AE-781D-F6BD50B40565}.Debug|Any CPU.ActiveCfg = Debug|Any CPU
		{86994773-0BB3-E9AE-781D-F6BD50B40565}.Debug|Any CPU.Build.0 = Debug|Any CPU
		{86994773-0BB3-E9AE-781D-F6BD50B40565}.Release|Any CPU.ActiveCfg = Release|Any CPU
		{86994773-0BB3-E9AE-781D-F6BD50B40565}.Release|Any CPU.Build.0 = Release|Any CPU
		{A0AC680B-70B8-C233-A3AD-AF0D5EAF5EB8}.Debug|Any CPU.ActiveCfg = Debug|Any CPU
		{A0AC680B-70B8-C233-A3AD-AF0D5EAF5EB8}.Debug|Any CPU.Build.0 = Debug|Any CPU
		{A0AC680B-70B8-C233-A3AD-AF0D5EAF5EB8}.Release|Any CPU.ActiveCfg = Release|Any CPU
		{A0AC680B-70B8-C233-A3AD-AF0D5EAF5EB8}.Release|Any CPU.Build.0 = Release|Any CPU
	EndGlobalSection
	GlobalSection(SolutionProperties) = preSolution
		HideSolutionNode = FALSE
	EndGlobalSection
	GlobalSection(MonoDevelopProperties) = preSolution
		StartupItem = Assembly-CSharp.csproj
	EndGlobalSection
EndGlobal
